
Microsoft Visual Studio Solution File, Format Version 12.00
# Visual Studio 14
VisualStudioVersion = 14.0.23107.0
MinimumVisualStudioVersion = 10.0.40219.1
Project("{888888A0-9F3D-457C-B088-3A5042F75D52}") = "A5-1-Reverse string", "A5-1-Reverse string\A5-1-Reverse string.pyproj", "{5AB3DBBB-0D1F-4D54-8A05-83F327A0997D}"
EndProject
Global
	GlobalSection(SolutionConfigurationPlatforms) = preSolution
		Debug|Any CPU = Debug|Any CPU
		Release|Any CPU = Release|Any CPU
	EndGlobalSection
	GlobalSection(ProjectConfigurationPlatforms) = postSolution
		{5AB3DBBB-0D1F-4D54-8A05-83F327A0997D}.Debug|Any CPU.ActiveCfg = Debug|Any CPU
		{5AB3DBBB-0D1F-4D54-8A05-83F327A0997D}.Release|Any CPU.ActiveCfg = Release|Any CPU
	EndGlobalSection
	GlobalSection(SolutionProperties) = preSolution
		HideSolutionNode = FALSE
	EndGlobalSection
EndGlobal
